PODS:
  - Alamofire (4.7.3)
  - EMTNeumorphicView (1.0.4)
  - SDWebImage (5.8.0):
    - SDWebImage/Core (= 5.8.0)
  - SDWebImage/Core (5.8.0)
  - SwiftyJSON (5.0.0)

DEPENDENCIES:
  - Alamofire (~> 4.7.2)
  - EMTNeumorphicView
  - SDWebImage (~> 5.0)
  - SwiftyJSON

SPEC REPOS:
  trunk:
    - Alamofire
    - EMTNeumorphicView
    - SDWebImage
    - SwiftyJSON

SPEC CHECKSUMS:
  Alamofire: c7287b6e5d7da964a70935e5db17046b7fde6568
  EMTNeumorphicView: cb5e92953e43b1872ab47fefd451a9ce0c16fc77
  SDWebImage: 84000f962cbfa70c07f19d2234cbfcf5d779b5dc
  SwiftyJSON: 36413e04c44ee145039d332b4f4e2d3e8d6c4db7

PODFILE CHECKSUM: af14e9c337d57752416356e74ad2fa9614544458

COCOAPODS: 1.9.3
