// !$*UTF8*$!
{
	archiveVersion = 1;
	classes = {
	};
	objectVersion = 51;
	objects = {

/* Begin PBXBuildFile section */
		201E61DC250D17100038332C /* AuthViewController.swift in Sources */ = {isa = PBXBuildFile; fileRef = 201E61DB250D17100038332C /* AuthViewController.swift */; };
		202FAF5924DD8C080099350A /* AppDelegate.swift in Sources */ = {isa = PBXBuildFile; fileRef = 202FAF5824DD8C080099350A /* AppDelegate.swift */; };
		202FAF5B24DD8C080099350A /* SceneDelegate.swift in Sources */ = {isa = PBXBuildFile; fileRef = 202FAF5A24DD8C080099350A /* SceneDelegate.swift */; };
		202FAF6024DD8C080099350A /* Main.storyboard in Resources */ = {isa = PBXBuildFile; fileRef = 202FAF5E24DD8C080099350A /* Main.storyboard */; };
		202FAF6224DD8C0E0099350A /* Assets.xcassets in Resources */ = {isa = PBXBuildFile; fileRef = 202FAF6124DD8C0E0099350A /* Assets.xcassets */; };
		202FAF6524DD8C0E0099350A /* LaunchScreen.storyboard in Resources */ = {isa = PBXBuildFile; fileRef = 202FAF6324DD8C0E0099350A /* LaunchScreen.storyboard */; };
		20E2A395251E690600721FF0 /* contents.swift in Sources */ = {isa = PBXBuildFile; fileRef = 20E2A394251E690600721FF0 /* contents.swift */; };
		20F4D3232516523F00B15BC9 /* TimeLineViewController.swift in Sources */ = {isa = PBXBuildFile; fileRef = 20F4D3222516523F00B15BC9 /* TimeLineViewController.swift */; };
		20F4D3282517052D00B15BC9 /* PostViewController.swift in Sources */ = {isa = PBXBuildFile; fileRef = 20F4D3272517052D00B15BC9 /* PostViewController.swift */; };
		20F4D34025174BDB00B15BC9 /* user.swift in Sources */ = {isa = PBXBuildFile; fileRef = 20F4D33F25174BDB00B15BC9 /* user.swift */; };
		20F4D34325174C2400B15BC9 /* post.swift in Sources */ = {isa = PBXBuildFile; fileRef = 20F4D34225174C2400B15BC9 /* post.swift */; };
		D56BE6E76E6563CB6B7DA86B /* Pods_Swift_portfolio.framework in Frameworks */ = {isa = PBXBuildFile; fileRef = BBF13ED7BCD12C376433A817 /* Pods_Swift_portfolio.framework */; };
/* End PBXBuildFile section */

/* Begin PBXFileReference section */
		20005A1C251CFC630096BDFB /* image.swift */ = {isa = PBXFileReference; lastKnownFileType = sourcecode.swift; path = image.swift; sourceTree = "<group>"; };
		201E61DB250D17100038332C /* AuthViewController.swift */ = {isa = PBXFileReference; lastKnownFileType = sourcecode.swift; path = AuthViewController.swift; sourceTree = "<group>"; };
		202FAF5524DD8C080099350A /* Swift_portfolio.app */ = {isa = PBXFileReference; explicitFileType = wrapper.application; includeInIndex = 0; path = Swift_portfolio.app; sourceTree = BUILT_PRODUCTS_DIR; };
		202FAF5824DD8C080099350A /* AppDelegate.swift */ = {isa = PBXFileReference; lastKnownFileType = sourcecode.swift; path = AppDelegate.swift; sourceTree = "<group>"; };
		202FAF5A24DD8C080099350A /* SceneDelegate.swift */ = {isa = PBXFileReference; lastKnownFileType = sourcecode.swift; path = SceneDelegate.swift; sourceTree = "<group>"; };
		202FAF5F24DD8C080099350A /* Base */ = {isa = PBXFileReference; lastKnownFileType = file.storyboard; name = Base; path = Base.lproj/Main.storyboard; sourceTree = "<group>"; };
		202FAF6124DD8C0E0099350A /* Assets.xcassets */ = {isa = PBXFileReference; lastKnownFileType = folder.assetcatalog; path = Assets.xcassets; sourceTree = "<group>"; };
		202FAF6424DD8C0E0099350A /* Base */ = {isa = PBXFileReference; lastKnownFileType = file.storyboard; name = Base; path = Base.lproj/LaunchScreen.storyboard; sourceTree = "<group>"; };
		202FAF6624DD8C0E0099350A /* Info.plist */ = {isa = PBXFileReference; lastKnownFileType = text.plist.xml; path = Info.plist; sourceTree = "<group>"; };
		20BE0A66251879A600330431 /* contents.swift */ = {isa = PBXFileReference; lastKnownFileType = sourcecode.swift; path = contents.swift; sourceTree = "<group>"; };
		20E2A394251E690600721FF0 /* contents.swift */ = {isa = PBXFileReference; lastKnownFileType = sourcecode.swift; path = contents.swift; sourceTree = "<group>"; };
		20F4D3222516523F00B15BC9 /* TimeLineViewController.swift */ = {isa = PBXFileReference; lastKnownFileType = sourcecode.swift; path = TimeLineViewController.swift; sourceTree = "<group>"; };
		20F4D3272517052D00B15BC9 /* PostViewController.swift */ = {isa = PBXFileReference; lastKnownFileType = sourcecode.swift; path = PostViewController.swift; sourceTree = "<group>"; };
		20F4D33F25174BDB00B15BC9 /* user.swift */ = {isa = PBXFileReference; lastKnownFileType = sourcecode.swift; path = user.swift; sourceTree = "<group>"; };
		20F4D34225174C2400B15BC9 /* post.swift */ = {isa = PBXFileReference; lastKnownFileType = sourcecode.swift; path = post.swift; sourceTree = "<group>"; };
		5DE9380958AEDC47E114A932 /* Pods-Swift_portfolio.release.xcconfig */ = {isa = PBXFileReference; includeInIndex = 1; lastKnownFileType = text.xcconfig; name = "Pods-Swift_portfolio.release.xcconfig"; path = "Target Support Files/Pods-Swift_portfolio/Pods-Swift_portfolio.release.xcconfig"; sourceTree = "<group>"; };
		BBF13ED7BCD12C376433A817 /* Pods_Swift_portfolio.framework */ = {isa = PBXFileReference; explicitFileType = wrapper.framework; includeInIndex = 0; path = Pods_Swift_portfolio.framework; sourceTree = BUILT_PRODUCTS_DIR; };
		FE97359864F03573168D26A0 /* Pods-Swift_portfolio.debug.xcconfig */ = {isa = PBXFileReference; includeInIndex = 1; lastKnownFileType = text.xcconfig; name = "Pods-Swift_portfolio.debug.xcconfig"; path = "Target Support Files/Pods-Swift_portfolio/Pods-Swift_portfolio.debug.xcconfig"; sourceTree = "<group>"; };
/* End PBXFileReference section */

/* Begin PBXFrameworksBuildPhase section */
		202FAF5224DD8C080099350A /* Frameworks */ = {
			isa = PBXFrameworksBuildPhase;
			buildActionMask = 2147483647;
			files = (
				D56BE6E76E6563CB6B7DA86B /* Pods_Swift_portfolio.framework in Frameworks */,
			);
			runOnlyForDeploymentPostprocessing = 0;
		};
/* End PBXFrameworksBuildPhase section */

/* Begin PBXGroup section */
		068484FCBBCEB9A243700EDC /* Frameworks */ = {
			isa = PBXGroup;
			children = (
				BBF13ED7BCD12C376433A817 /* Pods_Swift_portfolio.framework */,
			);
			name = Frameworks;
			sourceTree = "<group>";
		};
		201E61D8250D14C10038332C /* Model */ = {
			isa = PBXGroup;
			children = (
				20F4D33F25174BDB00B15BC9 /* user.swift */,
				20F4D34225174C2400B15BC9 /* post.swift */,
				20E2A394251E690600721FF0 /* contents.swift */,
			);
			path = Model;
			sourceTree = "<group>";
		};
		201E61D9250D14C90038332C /* Controller */ = {
			isa = PBXGroup;
			children = (
				202FAF5824DD8C080099350A /* AppDelegate.swift */,
				202FAF5A24DD8C080099350A /* SceneDelegate.swift */,
				201E61DB250D17100038332C /* AuthViewController.swift */,
				20F4D3222516523F00B15BC9 /* TimeLineViewController.swift */,
				20F4D3272517052D00B15BC9 /* PostViewController.swift */,
			);
			path = Controller;
			sourceTree = "<group>";
		};
		201E61DA250D14D10038332C /* View */ = {
			isa = PBXGroup;
			children = (
				202FAF5E24DD8C080099350A /* Main.storyboard */,
				202FAF6124DD8C0E0099350A /* Assets.xcassets */,
				202FAF6324DD8C0E0099350A /* LaunchScreen.storyboard */,
			);
			path = View;
			sourceTree = "<group>";
		};
		202FAF4C24DD8C080099350A = {
			isa = PBXGroup;
			children = (
				202FAF5724DD8C080099350A /* Swift_portfolio */,
				202FAF5624DD8C080099350A /* Products */,
				39C783EBD14F0175C151F151 /* Pods */,
				068484FCBBCEB9A243700EDC /* Frameworks */,
				20E2A391251E67A200721FF0 /* Recovered References */,
			);
			sourceTree = "<group>";
		};
		202FAF5624DD8C080099350A /* Products */ = {
			isa = PBXGroup;
			children = (
				202FAF5524DD8C080099350A /* Swift_portfolio.app */,
			);
			name = Products;
			sourceTree = "<group>";
		};
		202FAF5724DD8C080099350A /* Swift_portfolio */ = {
			isa = PBXGroup;
			children = (
				201E61D8250D14C10038332C /* Model */,
				201E61DA250D14D10038332C /* View */,
				201E61D9250D14C90038332C /* Controller */,
				202FAF6624DD8C0E0099350A /* Info.plist */,
			);
			path = Swift_portfolio;
			sourceTree = "<group>";
		};
		20E2A391251E67A200721FF0 /* Recovered References */ = {
			isa = PBXGroup;
			children = (
				20005A1C251CFC630096BDFB /* image.swift */,
				20BE0A66251879A600330431 /* contents.swift */,
			);
			name = "Recovered References";
			sourceTree = "<group>";
		};
		39C783EBD14F0175C151F151 /* Pods */ = {
			isa = PBXGroup;
			children = (
				FE97359864F03573168D26A0 /* Pods-Swift_portfolio.debug.xcconfig */,
				5DE9380958AEDC47E114A932 /* Pods-Swift_portfolio.release.xcconfig */,
			);
			path = Pods;
			sourceTree = "<group>";
		};
/* End PBXGroup section */

/* Begin PBXNativeTarget section */
		202FAF5424DD8C080099350A /* Swift_portfolio */ = {
			isa = PBXNativeTarget;
			buildConfigurationList = 202FAF6924DD8C0E0099350A /* Build configuration list for PBXNativeTarget "Swift_portfolio" */;
			buildPhases = (
				1706936A8B4C530306277AB4 /* [CP] Check Pods Manifest.lock */,
				202FAF5124DD8C080099350A /* Sources */,
				202FAF5224DD8C080099350A /* Frameworks */,
				202FAF5324DD8C080099350A /* Resources */,
				4067ACA70ECB1DECE6262C8F /* [CP] Embed Pods Frameworks */,
			);
			buildRules = (
			);
			dependencies = (
			);
			name = Swift_portfolio;
			productName = Swift_portfolio;
			productReference = 202FAF5524DD8C080099350A /* Swift_portfolio.app */;
			productType = "com.apple.product-type.application";
		};
/* End PBXNativeTarget section */

/* Begin PBXProject section */
		202FAF4D24DD8C080099350A /* Project object */ = {
			isa = PBXProject;
			attributes = {
				LastSwiftUpdateCheck = 1160;
				LastUpgradeCheck = 1160;
				ORGANIZATIONNAME = yu_w;
				TargetAttributes = {
					202FAF5424DD8C080099350A = {
						CreatedOnToolsVersion = 11.6;
					};
				};
			};
			buildConfigurationList = 202FAF5024DD8C080099350A /* Build configuration list for PBXProject "Swift_portfolio" */;
			compatibilityVersion = "Xcode 9.3";
			developmentRegion = en;
			hasScannedForEncodings = 0;
			knownRegions = (
				en,
				Base,
			);
			mainGroup = 202FAF4C24DD8C080099350A;
			productRefGroup = 202FAF5624DD8C080099350A /* Products */;
			projectDirPath = "";
			projectRoot = "";
			targets = (
				202FAF5424DD8C080099350A /* Swift_portfolio */,
			);
		};
/* End PBXProject section */

/* Begin PBXResourcesBuildPhase section */
		202FAF5324DD8C080099350A /* Resources */ = {
			isa = PBXResourcesBuildPhase;
			buildActionMask = 2147483647;
			files = (
				202FAF6524DD8C0E0099350A /* LaunchScreen.storyboard in Resources */,
				202FAF6224DD8C0E0099350A /* Assets.xcassets in Resources */,
				202FAF6024DD8C080099350A /* Main.storyboard in Resources */,
			);
			runOnlyForDeploymentPostprocessing = 0;
		};
/* End PBXResourcesBuildPhase section */

/* Begin PBXShellScriptBuildPhase section */
		1706936A8B4C530306277AB4 /* [CP] Check Pods Manifest.lock */ = {
			isa = PBXShellScriptBuildPhase;
			buildActionMask = 2147483647;
			files = (
			);
			inputFileListPaths = (
			);
			inputPaths = (
				"${PODS_PODFILE_DIR_PATH}/Podfile.lock",
				"${PODS_ROOT}/Manifest.lock",
			);
			name = "[CP] Check Pods Manifest.lock";
			outputFileListPaths = (
			);
			outputPaths = (
				"$(DERIVED_FILE_DIR)/Pods-Swift_portfolio-checkManifestLockResult.txt",
			);
			runOnlyForDeploymentPostprocessing = 0;
			shellPath = /bin/sh;
			shellScript = "diff \"${PODS_PODFILE_DIR_PATH}/Podfile.lock\" \"${PODS_ROOT}/Manifest.lock\" > /dev/null\nif [ $? != 0 ] ; then\n    # print error to STDERR\n    echo \"error: The sandbox is not in sync with the Podfile.lock. Run 'pod install' or update your CocoaPods installation.\" >&2\n    exit 1\nfi\n# This output is used by Xcode 'outputs' to avoid re-running this script phase.\necho \"SUCCESS\" > \"${SCRIPT_OUTPUT_FILE_0}\"\n";
			showEnvVarsInLog = 0;
		};
		4067ACA70ECB1DECE6262C8F /* [CP] Embed Pods Frameworks */ = {
			isa = PBXShellScriptBuildPhase;
			buildActionMask = 2147483647;
			files = (
			);
			inputFileListPaths = (
				"${PODS_ROOT}/Target Support Files/Pods-Swift_portfolio/Pods-Swift_portfolio-frameworks-${CONFIGURATION}-input-files.xcfilelist",
			);
			name = "[CP] Embed Pods Frameworks";
			outputFileListPaths = (
				"${PODS_ROOT}/Target Support Files/Pods-Swift_portfolio/Pods-Swift_portfolio-frameworks-${CONFIGURATION}-output-files.xcfilelist",
			);
			runOnlyForDeploymentPostprocessing = 0;
			shellPath = /bin/sh;
			shellScript = "\"${PODS_ROOT}/Target Support Files/Pods-Swift_portfolio/Pods-Swift_portfolio-frameworks.sh\"\n";
			showEnvVarsInLog = 0;
		};
/* End PBXShellScriptBuildPhase section */

/* Begin PBXSourcesBuildPhase section */
		202FAF5124DD8C080099350A /* Sources */ = {
			isa = PBXSourcesBuildPhase;
			buildActionMask = 2147483647;
			files = (
				20F4D3282517052D00B15BC9 /* PostViewController.swift in Sources */,
				202FAF5924DD8C080099350A /* AppDelegate.swift in Sources */,
				201E61DC250D17100038332C /* AuthViewController.swift in Sources */,
				20F4D34325174C2400B15BC9 /* post.swift in Sources */,
				20F4D34025174BDB00B15BC9 /* user.swift in Sources */,
				20F4D3232516523F00B15BC9 /* TimeLineViewController.swift in Sources */,
				202FAF5B24DD8C080099350A /* SceneDelegate.swift in Sources */,
				20E2A395251E690600721FF0 /* contents.swift in Sources */,
			);
			runOnlyForDeploymentPostprocessing = 0;
		};
/* End PBXSourcesBuildPhase section */

/* Begin PBXVariantGroup section */
		202FAF5E24DD8C080099350A /* Main.storyboard */ = {
			isa = PBXVariantGroup;
			children = (
				202FAF5F24DD8C080099350A /* Base */,
			);
			name = Main.storyboard;
			sourceTree = "<group>";
		};
		202FAF6324DD8C0E0099350A /* LaunchScreen.storyboard */ = {
			isa = PBXVariantGroup;
			children = (
				202FAF6424DD8C0E0099350A /* Base */,
			);
			name = LaunchScreen.storyboard;
			sourceTree = "<group>";
		};
/* End PBXVariantGroup section */

/* Begin XCBuildConfiguration section */
		202FAF6724DD8C0E0099350A /* Debug */ = {
			isa = XCBuildConfiguration;
			buildSettings = {
				ALWAYS_SEARCH_USER_PATHS = NO;
				CLANG_ANALYZER_NONNULL = YES;
				CLANG_ANALYZER_NUMBER_OBJECT_CONVERSION = YES_AGGRESSIVE;
				CLANG_CXX_LANGUAGE_STANDARD = "gnu++14";
				CLANG_CXX_LIBRARY = "libc++";
				CLANG_ENABLE_MODULES = YES;
				CLANG_ENABLE_OBJC_ARC = YES;
				CLANG_ENABLE_OBJC_WEAK = YES;
				CLANG_WARN_BLOCK_CAPTURE_AUTORELEASING = YES;
				CLANG_WARN_BOOL_CONVERSION = YES;
				CLANG_WARN_COMMA = YES;
				CLANG_WARN_CONSTANT_CONVERSION = YES;
				CLANG_WARN_DEPRECATED_OBJC_IMPLEMENTATIONS = YES;
				CLANG_WARN_DIRECT_OBJC_ISA_USAGE = YES_ERROR;
				CLANG_WARN_DOCUMENTATION_COMMENTS = YES;
				CLANG_WARN_EMPTY_BODY = YES;
				CLANG_WARN_ENUM_CONVERSION = YES;
				CLANG_WARN_INFINITE_RECURSION = YES;
				CLANG_WARN_INT_CONVERSION = YES;
				CLANG_WARN_NON_LITERAL_NULL_CONVERSION = YES;
				CLANG_WARN_OBJC_IMPLICIT_RETAIN_SELF = YES;
				CLANG_WARN_OBJC_LITERAL_CONVERSION = YES;
				CLANG_WARN_OBJC_ROOT_CLASS = YES_ERROR;
				CLANG_WARN_RANGE_LOOP_ANALYSIS = YES;
				CLANG_WARN_STRICT_PROTOTYPES = YES;
				CLANG_WARN_SUSPICIOUS_MOVE = YES;
				CLANG_WARN_UNGUARDED_AVAILABILITY = YES_AGGRESSIVE;
				CLANG_WARN_UNREACHABLE_CODE = YES;
				CLANG_WARN__DUPLICATE_METHOD_MATCH = YES;
				COPY_PHASE_STRIP = NO;
				DEBUG_INFORMATION_FORMAT = dwarf;
				ENABLE_STRICT_OBJC_MSGSEND = YES;
				ENABLE_TESTABILITY = YES;
				GCC_C_LANGUAGE_STANDARD = gnu11;
				GCC_DYNAMIC_NO_PIC = NO;
				GCC_NO_COMMON_BLOCKS = YES;
				GCC_OPTIMIZATION_LEVEL = 0;
				GCC_PREPROCESSOR_DEFINITIONS = (
					"DEBUG=1",
					"$(inherited)",
				);
				GCC_WARN_64_TO_32_BIT_CONVERSION = YES;
				GCC_WARN_ABOUT_RETURN_TYPE = YES_ERROR;
				GCC_WARN_UNDECLARED_SELECTOR = YES;
				GCC_WARN_UNINITIALIZED_AUTOS = YES_AGGRESSIVE;
				GCC_WARN_UNUSED_FUNCTION = YES;
				GCC_WARN_UNUSED_VARIABLE = YES;
				IPHONEOS_DEPLOYMENT_TARGET = 13.6;
				MTL_ENABLE_DEBUG_INFO = INCLUDE_SOURCE;
				MTL_FAST_MATH = YES;
				ONLY_ACTIVE_ARCH = YES;
				SDKROOT = iphoneos;
				SWIFT_ACTIVE_COMPILATION_CONDITIONS = DEBUG;
				SWIFT_OPTIMIZATION_LEVEL = "-Onone";
			};
			name = Debug;
		};
		202FAF6824DD8C0E0099350A /* Release */ = {
			isa = XCBuildConfiguration;
			buildSettings = {
				ALWAYS_SEARCH_USER_PATHS = NO;
				CLANG_ANALYZER_NONNULL = YES;
				CLANG_ANALYZER_NUMBER_OBJECT_CONVERSION = YES_AGGRESSIVE;
				CLANG_CXX_LANGUAGE_STANDARD = "gnu++14";
				CLANG_CXX_LIBRARY = "libc++";
				CLANG_ENABLE_MODULES = YES;
				CLANG_ENABLE_OBJC_ARC = YES;
				CLANG_ENABLE_OBJC_WEAK = YES;
				CLANG_WARN_BLOCK_CAPTURE_AUTORELEASING = YES;
				CLANG_WARN_BOOL_CONVERSION = YES;
				CLANG_WARN_COMMA = YES;
				CLANG_WARN_CONSTANT_CONVERSION = YES;
				CLANG_WARN_DEPRECATED_OBJC_IMPLEMENTATIONS = YES;
				CLANG_WARN_DIRECT_OBJC_ISA_USAGE = YES_ERROR;
				CLANG_WARN_DOCUMENTATION_COMMENTS = YES;
				CLANG_WARN_EMPTY_BODY = YES;
				CLANG_WARN_ENUM_CONVERSION = YES;
				CLANG_WARN_INFINITE_RECURSION = YES;
				CLANG_WARN_INT_CONVERSION = YES;
				CLANG_WARN_NON_LITERAL_NULL_CONVERSION = YES;
				CLANG_WARN_OBJC_IMPLICIT_RETAIN_SELF = YES;
				CLANG_WARN_OBJC_LITERAL_CONVERSION = YES;
				CLANG_WARN_OBJC_ROOT_CLASS = YES_ERROR;
				CLANG_WARN_RANGE_LOOP_ANALYSIS = YES;
				CLANG_WARN_STRICT_PROTOTYPES = YES;
				CLANG_WARN_SUSPICIOUS_MOVE = YES;
				CLANG_WARN_UNGUARDED_AVAILABILITY = YES_AGGRESSIVE;
				CLANG_WARN_UNREACHABLE_CODE = YES;
				CLANG_WARN__DUPLICATE_METHOD_MATCH = YES;
				COPY_PHASE_STRIP = NO;
				DEBUG_INFORMATION_FORMAT = "dwarf-with-dsym";
				ENABLE_NS_ASSERTIONS = NO;
				ENABLE_STRICT_OBJC_MSGSEND = YES;
				GCC_C_LANGUAGE_STANDARD = gnu11;
				GCC_NO_COMMON_BLOCKS = YES;
				GCC_WARN_64_TO_32_BIT_CONVERSION = YES;
				GCC_WARN_ABOUT_RETURN_TYPE = YES_ERROR;
				GCC_WARN_UNDECLARED_SELECTOR = YES;
				GCC_WARN_UNINITIALIZED_AUTOS = YES_AGGRESSIVE;
				GCC_WARN_UNUSED_FUNCTION = YES;
				GCC_WARN_UNUSED_VARIABLE = YES;
				IPHONEOS_DEPLOYMENT_TARGET = 13.6;
				MTL_ENABLE_DEBUG_INFO = NO;
				MTL_FAST_MATH = YES;
				SDKROOT = iphoneos;
				SWIFT_COMPILATION_MODE = wholemodule;
				SWIFT_OPTIMIZATION_LEVEL = "-O";
				VALIDATE_PRODUCT = YES;
			};
			name = Release;
		};
		202FAF6A24DD8C0E0099350A /* Debug */ = {
			isa = XCBuildConfiguration;
			baseConfigurationReference = FE97359864F03573168D26A0 /* Pods-Swift_portfolio.debug.xcconfig */;
			buildSettings = {
				ASSETCATALOG_COMPILER_APPICON_NAME = AppIcon;
				CODE_SIGN_STYLE = Automatic;
				INFOPLIST_FILE = Swift_portfolio/Info.plist;
				LD_RUNPATH_SEARCH_PATHS = (
					"$(inherited)",
					"@executable_path/Frameworks",
				);
				PRODUCT_BUNDLE_IDENTIFIER = "com.3582.Swift-portfolio";
				PRODUCT_NAME = "$(TARGET_NAME)";
				SWIFT_VERSION = 5.0;
				TARGETED_DEVICE_FAMILY = 1;
			};
			name = Debug;
		};
		202FAF6B24DD8C0E0099350A /* Release */ = {
			isa = XCBuildConfiguration;
			baseConfigurationReference = 5DE9380958AEDC47E114A932 /* Pods-Swift_portfolio.release.xcconfig */;
			buildSettings = {
				ASSETCATALOG_COMPILER_APPICON_NAME = AppIcon;
				CODE_SIGN_STYLE = Automatic;
				INFOPLIST_FILE = Swift_portfolio/Info.plist;
				LD_RUNPATH_SEARCH_PATHS = (
					"$(inherited)",
					"@executable_path/Frameworks",
				);
				PRODUCT_BUNDLE_IDENTIFIER = "com.3582.Swift-portfolio";
				PRODUCT_NAME = "$(TARGET_NAME)";
				SWIFT_VERSION = 5.0;
				TARGETED_DEVICE_FAMILY = 1;
			};
			name = Release;
		};
/* End XCBuildConfiguration section */

/* Begin XCConfigurationList section */
		202FAF5024DD8C080099350A /* Build configuration list for PBXProject "Swift_portfolio" */ = {
			isa = XCConfigurationList;
			buildConfigurations = (
				202FAF6724DD8C0E0099350A /* Debug */,
				202FAF6824DD8C0E0099350A /* Release */,
			);
			defaultConfigurationIsVisible = 0;
			defaultConfigurationName = Release;
		};
		202FAF6924DD8C0E0099350A /* Build configuration list for PBXNativeTarget "Swift_portfolio" */ = {
			isa = XCConfigurationList;
			buildConfigurations = (
				202FAF6A24DD8C0E0099350A /* Debug */,
				202FAF6B24DD8C0E0099350A /* Release */,
			);
			defaultConfigurationIsVisible = 0;
			defaultConfigurationName = Release;
		};
/* End XCConfigurationList section */
	};
	rootObject = 202FAF4D24DD8C080099350A /* Project object */;
}
